// !$*UTF8*$!
{
	archiveVersion = 1;
	classes = {
	};
	objectVersion = 48;
	objects = {

/* Begin PBXBuildFile section */
		74165CBA1FA33055000E5AD0 /* Confusion.swift in Sources */ = {isa = PBXBuildFile; fileRef = 74165CB91FA33055000E5AD0 /* Confusion.swift */; };
		74CC270D1F8CF6B100BD7332 /* AppDelegate.swift in Sources */ = {isa = PBXBuildFile; fileRef = 74CC270C1F8CF6B100BD7332 /* AppDelegate.swift */; };
		74CC270F1F8CF6B100BD7332 /* ViewController.swift in Sources */ = {isa = PBXBuildFile; fileRef = 74CC270E1F8CF6B100BD7332 /* ViewController.swift */; };
		74CC27121F8CF6B100BD7332 /* Main.storyboard in Resources */ = {isa = PBXBuildFile; fileRef = 74CC27101F8CF6B100BD7332 /* Main.storyboard */; };
		74CC27141F8CF6B100BD7332 /* Assets.xcassets in Resources */ = {isa = PBXBuildFile; fileRef = 74CC27131F8CF6B100BD7332 /* Assets.xcassets */; };
		74CC27171F8CF6B100BD7332 /* LaunchScreen.storyboard in Resources */ = {isa = PBXBuildFile; fileRef = 74CC27151F8CF6B100BD7332 /* LaunchScreen.storyboard */; };
		74CC27271F8CF7D900BD7332 /* Localization.swift in Sources */ = {isa = PBXBuildFile; fileRef = 74CC27261F8CF7D900BD7332 /* Localization.swift */; };
		74CC272B1F8CF82200BD7332 /* String+Localization.swift in Sources */ = {isa = PBXBuildFile; fileRef = 74CC272A1F8CF82200BD7332 /* String+Localization.swift */; };
		74CC272D1F8CF84200BD7332 /* ThoughtWorks.swift in Sources */ = {isa = PBXBuildFile; fileRef = 74CC272C1F8CF84200BD7332 /* ThoughtWorks.swift */; };
		74CC272F1F8CF85400BD7332 /* ThoughtWorks+Localization.swift in Sources */ = {isa = PBXBuildFile; fileRef = 74CC272E1F8CF85400BD7332 /* ThoughtWorks+Localization.swift */; };
		74CC27321F8CF9D500BD7332 /* Localizable.strings in Resources */ = {isa = PBXBuildFile; fileRef = 74CC27341F8CF9D500BD7332 /* Localizable.strings */; };
		8EF15E751FA8AD3B003FDD24 /* User.swift in Sources */ = {isa = PBXBuildFile; fileRef = 8EF15E741FA8AD3B003FDD24 /* User.swift */; };
/* End PBXBuildFile section */

/* Begin PBXFileReference section */
		74165CB91FA33055000E5AD0 /* Confusion.swift */ = {isa = PBXFileReference; lastKnownFileType = sourcecode.swift; path = Confusion.swift; sourceTree = "<group>"; };
		74CC27091F8CF6B100BD7332 /* Typealias.app */ = {isa = PBXFileReference; explicitFileType = wrapper.application; includeInIndex = 0; path = Typealias.app; sourceTree = BUILT_PRODUCTS_DIR; };
		74CC270C1F8CF6B100BD7332 /* AppDelegate.swift */ = {isa = PBXFileReference; lastKnownFileType = sourcecode.swift; path = AppDelegate.swift; sourceTree = "<group>"; };
		74CC270E1F8CF6B100BD7332 /* ViewController.swift */ = {isa = PBXFileReference; lastKnownFileType = sourcecode.swift; path = ViewController.swift; sourceTree = "<group>"; };
		74CC27111F8CF6B100BD7332 /* Base */ = {isa = PBXFileReference; lastKnownFileType = file.storyboard; name = Base; path = Base.lproj/Main.storyboard; sourceTree = "<group>"; };
		74CC27131F8CF6B100BD7332 /* Assets.xcassets */ = {isa = PBXFileReference; lastKnownFileType = folder.assetcatalog; path = Assets.xcassets; sourceTree = "<group>"; };
		74CC27161F8CF6B100BD7332 /* Base */ = {isa = PBXFileReference; lastKnownFileType = file.storyboard; name = Base; path = Base.lproj/LaunchScreen.storyboard; sourceTree = "<group>"; };
		74CC27181F8CF6B100BD7332 /* Info.plist */ = {isa = PBXFileReference; lastKnownFileType = text.plist.xml; path = Info.plist; sourceTree = "<group>"; };
		74CC27201F8CF74000BD7332 /* zh-Hans */ = {isa = PBXFileReference; lastKnownFileType = text.plist.strings; name = "zh-Hans"; path = "zh-Hans.lproj/Main.strings"; sourceTree = "<group>"; };
		74CC27211F8CF74000BD7332 /* zh-Hans */ = {isa = PBXFileReference; lastKnownFileType = text.plist.strings; name = "zh-Hans"; path = "zh-Hans.lproj/LaunchScreen.strings"; sourceTree = "<group>"; };
		74CC27261F8CF7D900BD7332 /* Localization.swift */ = {isa = PBXFileReference; lastKnownFileType = sourcecode.swift; path = Localization.swift; sourceTree = "<group>"; };
		74CC272A1F8CF82200BD7332 /* String+Localization.swift */ = {isa = PBXFileReference; lastKnownFileType = sourcecode.swift; path = "String+Localization.swift"; sourceTree = "<group>"; };
		74CC272C1F8CF84200BD7332 /* ThoughtWorks.swift */ = {isa = PBXFileReference; lastKnownFileType = sourcecode.swift; path = ThoughtWorks.swift; sourceTree = "<group>"; };
		74CC272E1F8CF85400BD7332 /* ThoughtWorks+Localization.swift */ = {isa = PBXFileReference; lastKnownFileType = sourcecode.swift; path = "ThoughtWorks+Localization.swift"; sourceTree = "<group>"; };
		74CC27331F8CF9D500BD7332 /* zh-Hans */ = {isa = PBXFileReference; lastKnownFileType = text.plist.strings; name = "zh-Hans"; path = "zh-Hans.lproj/Localizable.strings"; sourceTree = "<group>"; };
		74CC27351F8CF9DB00BD7332 /* en */ = {isa = PBXFileReference; lastKnownFileType = text.plist.strings; name = en; path = en.lproj/Localizable.strings; sourceTree = "<group>"; };
		8EF15E741FA8AD3B003FDD24 /* User.swift */ = {isa = PBXFileReference; lastKnownFileType = sourcecode.swift; path = User.swift; sourceTree = "<group>"; };
/* End PBXFileReference section */

/* Begin PBXFrameworksBuildPhase section */
		74CC27061F8CF6B100BD7332 /* Frameworks */ = {
			isa = PBXFrameworksBuildPhase;
			buildActionMask = 2147483647;
			files = (
			);
			runOnlyForDeploymentPostprocessing = 0;
		};
/* End PBXFrameworksBuildPhase section */

/* Begin PBXGroup section */
		74165CBB1FA330EC000E5AD0 /* ThoughtWorks */ = {
			isa = PBXGroup;
			children = (
				74CC272C1F8CF84200BD7332 /* ThoughtWorks.swift */,
			);
			path = ThoughtWorks;
			sourceTree = "<group>";
		};
		74CC27001F8CF6B100BD7332 = {
			isa = PBXGroup;
			children = (
				74CC270B1F8CF6B100BD7332 /* Typealias */,
				74CC270A1F8CF6B100BD7332 /* Products */,
			);
			sourceTree = "<group>";
		};
		74CC270A1F8CF6B100BD7332 /* Products */ = {
			isa = PBXGroup;
			children = (
				74CC27091F8CF6B100BD7332 /* Typealias.app */,
			);
			name = Products;
			sourceTree = "<group>";
		};
		74CC270B1F8CF6B100BD7332 /* Typealias */ = {
			isa = PBXGroup;
			children = (
				74165CB91FA33055000E5AD0 /* Confusion.swift */,
				74CC27231F8CF75200BD7332 /* App */,
				74CC27241F8CF76400BD7332 /* Home */,
				74165CBB1FA330EC000E5AD0 /* ThoughtWorks */,
				74CC27251F8CF7C200BD7332 /* Localization */,
			);
			path = Typealias;
			sourceTree = "<group>";
		};
		74CC27231F8CF75200BD7332 /* App */ = {
			isa = PBXGroup;
			children = (
				74CC270C1F8CF6B100BD7332 /* AppDelegate.swift */,
				74CC27151F8CF6B100BD7332 /* LaunchScreen.storyboard */,
				74CC27131F8CF6B100BD7332 /* Assets.xcassets */,
				74CC27181F8CF6B100BD7332 /* Info.plist */,
			);
			path = App;
			sourceTree = "<group>";
		};
		74CC27241F8CF76400BD7332 /* Home */ = {
			isa = PBXGroup;
			children = (
				74CC27101F8CF6B100BD7332 /* Main.storyboard */,
				74CC270E1F8CF6B100BD7332 /* ViewController.swift */,
			);
			path = Home;
			sourceTree = "<group>";
		};
		74CC27251F8CF7C200BD7332 /* Localization */ = {
			isa = PBXGroup;
			children = (
				74CC27261F8CF7D900BD7332 /* Localization.swift */,
				74CC27341F8CF9D500BD7332 /* Localizable.strings */,
				74CC27281F8CF7EE00BD7332 /* String */,
				74CC27291F8CF80200BD7332 /* ThoughtWorks */,
				8EF15E731FA8AD29003FDD24 /* User */,
			);
			path = Localization;
			sourceTree = "<group>";
		};
		74CC27281F8CF7EE00BD7332 /* String */ = {
			isa = PBXGroup;
			children = (
				74CC272A1F8CF82200BD7332 /* String+Localization.swift */,
			);
			path = String;
			sourceTree = "<group>";
		};
		74CC27291F8CF80200BD7332 /* ThoughtWorks */ = {
			isa = PBXGroup;
			children = (
				74CC272E1F8CF85400BD7332 /* ThoughtWorks+Localization.swift */,
			);
			path = ThoughtWorks;
			sourceTree = "<group>";
		};
		8EF15E731FA8AD29003FDD24 /* User */ = {
			isa = PBXGroup;
			children = (
				8EF15E741FA8AD3B003FDD24 /* User.swift */,
			);
			path = User;
			sourceTree = "<group>";
		};
/* End PBXGroup section */

/* Begin PBXNativeTarget section */
		74CC27081F8CF6B100BD7332 /* Typealias */ = {
			isa = PBXNativeTarget;
			buildConfigurationList = 74CC271B1F8CF6B100BD7332 /* Build configuration list for PBXNativeTarget "Typealias" */;
			buildPhases = (
				74CC27051F8CF6B100BD7332 /* Sources */,
				74CC27061F8CF6B100BD7332 /* Frameworks */,
				74CC27071F8CF6B100BD7332 /* Resources */,
			);
			buildRules = (
			);
			dependencies = (
			);
			name = Typealias;
			productName = Typealias;
			productReference = 74CC27091F8CF6B100BD7332 /* Typealias.app */;
			productType = "com.apple.product-type.application";
		};
/* End PBXNativeTarget section */

/* Begin PBXProject section */
		74CC27011F8CF6B100BD7332 /* Project object */ = {
			isa = PBXProject;
			attributes = {
				LastSwiftUpdateCheck = 0900;
				LastUpgradeCheck = 0900;
				ORGANIZATIONNAME = "Jian Zhang";
				TargetAttributes = {
					74CC27081F8CF6B100BD7332 = {
						CreatedOnToolsVersion = 9.0;
						ProvisioningStyle = Automatic;
					};
				};
			};
			buildConfigurationList = 74CC27041F8CF6B100BD7332 /* Build configuration list for PBXProject "Typealias" */;
			compatibilityVersion = "Xcode 8.0";
			developmentRegion = en;
			hasScannedForEncodings = 0;
			knownRegions = (
				en,
				Base,
			);
			mainGroup = 74CC27001F8CF6B100BD7332;
			productRefGroup = 74CC270A1F8CF6B100BD7332 /* Products */;
			projectDirPath = "";
			projectRoot = "";
			targets = (
				74CC27081F8CF6B100BD7332 /* Typealias */,
			);
		};
/* End PBXProject section */

/* Begin PBXResourcesBuildPhase section */
		74CC27071F8CF6B100BD7332 /* Resources */ = {
			isa = PBXResourcesBuildPhase;
			buildActionMask = 2147483647;
			files = (
				74CC27171F8CF6B100BD7332 /* LaunchScreen.storyboard in Resources */,
				74CC27321F8CF9D500BD7332 /* Localizable.strings in Resources */,
				74CC27141F8CF6B100BD7332 /* Assets.xcassets in Resources */,
				74CC27121F8CF6B100BD7332 /* Main.storyboard in Resources */,
			);
			runOnlyForDeploymentPostprocessing = 0;
		};
/* End PBXResourcesBuildPhase section */

/* Begin PBXSourcesBuildPhase section */
		74CC27051F8CF6B100BD7332 /* Sources */ = {
			isa = PBXSourcesBuildPhase;
			buildActionMask = 2147483647;
			files = (
				74CC272D1F8CF84200BD7332 /* ThoughtWorks.swift in Sources */,
				74CC272F1F8CF85400BD7332 /* ThoughtWorks+Localization.swift in Sources */,
				74CC270F1F8CF6B100BD7332 /* ViewController.swift in Sources */,
				74CC270D1F8CF6B100BD7332 /* AppDelegate.swift in Sources */,
				74CC27271F8CF7D900BD7332 /* Localization.swift in Sources */,
				8EF15E751FA8AD3B003FDD24 /* User.swift in Sources */,
				74CC272B1F8CF82200BD7332 /* String+Localization.swift in Sources */,
				74165CBA1FA33055000E5AD0 /* Confusion.swift in Sources */,
			);
			runOnlyForDeploymentPostprocessing = 0;
		};
/* End PBXSourcesBuildPhase section */

/* Begin PBXVariantGroup section */
		74CC27101F8CF6B100BD7332 /* Main.storyboard */ = {
			isa = PBXVariantGroup;
			children = (
				74CC27111F8CF6B100BD7332 /* Base */,
				74CC27201F8CF74000BD7332 /* zh-Hans */,
			);
			name = Main.storyboard;
			sourceTree = "<group>";
		};
		74CC27151F8CF6B100BD7332 /* LaunchScreen.storyboard */ = {
			isa = PBXVariantGroup;
			children = (
				74CC27161F8CF6B100BD7332 /* Base */,
				74CC27211F8CF74000BD7332 /* zh-Hans */,
			);
			name = LaunchScreen.storyboard;
			sourceTree = "<group>";
		};
		74CC27341F8CF9D500BD7332 /* Localizable.strings */ = {
			isa = PBXVariantGroup;
			children = (
				74CC27331F8CF9D500BD7332 /* zh-Hans */,
				74CC27351F8CF9DB00BD7332 /* en */,
			);
			name = Localizable.strings;
			sourceTree = "<group>";
		};
/* End PBXVariantGroup section */

/* Begin XCBuildConfiguration section */
		74CC27191F8CF6B100BD7332 /* Debug */ = {
			isa = XCBuildConfiguration;
			buildSettings = {
				ALWAYS_SEARCH_USER_PATHS = NO;
				CLANG_ANALYZER_LOCALIZABILITY_NONLOCALIZED = YES;
				CLANG_ANALYZER_NONNULL = YES;
				CLANG_ANALYZER_NUMBER_OBJECT_CONVERSION = YES_AGGRESSIVE;
				CLANG_CXX_LANGUAGE_STANDARD = "gnu++14";
				CLANG_CXX_LIBRARY = "libc++";
				CLANG_ENABLE_MODULES = YES;
				CLANG_ENABLE_OBJC_ARC = YES;
				CLANG_WARN_BLOCK_CAPTURE_AUTORELEASING = YES;
				CLANG_WARN_BOOL_CONVERSION = YES;
				CLANG_WARN_COMMA = YES;
				CLANG_WARN_CONSTANT_CONVERSION = YES;
				CLANG_WARN_DIRECT_OBJC_ISA_USAGE = YES_ERROR;
				CLANG_WARN_DOCUMENTATION_COMMENTS = YES;
				CLANG_WARN_EMPTY_BODY = YES;
				CLANG_WARN_ENUM_CONVERSION = YES;
				CLANG_WARN_INFINITE_RECURSION = YES;
				CLANG_WARN_INT_CONVERSION = YES;
				CLANG_WARN_NON_LITERAL_NULL_CONVERSION = YES;
				CLANG_WARN_OBJC_LITERAL_CONVERSION = YES;
				CLANG_WARN_OBJC_ROOT_CLASS = YES_ERROR;
				CLANG_WARN_RANGE_LOOP_ANALYSIS = YES;
				CLANG_WARN_STRICT_PROTOTYPES = YES;
				CLANG_WARN_SUSPICIOUS_MOVE = YES;
				CLANG_WARN_UNGUARDED_AVAILABILITY = YES_AGGRESSIVE;
				CLANG_WARN_UNREACHABLE_CODE = YES;
				CLANG_WARN__DUPLICATE_METHOD_MATCH = YES;
				CODE_SIGN_IDENTITY = "iPhone Developer";
				COPY_PHASE_STRIP = NO;
				DEBUG_INFORMATION_FORMAT = dwarf;
				ENABLE_STRICT_OBJC_MSGSEND = YES;
				ENABLE_TESTABILITY = YES;
				GCC_C_LANGUAGE_STANDARD = gnu11;
				GCC_DYNAMIC_NO_PIC = NO;
				GCC_NO_COMMON_BLOCKS = YES;
				GCC_OPTIMIZATION_LEVEL = 0;
				GCC_PREPROCESSOR_DEFINITIONS = (
					"DEBUG=1",
					"$(inherited)",
				);
				GCC_WARN_64_TO_32_BIT_CONVERSION = YES;
				GCC_WARN_ABOUT_RETURN_TYPE = YES_ERROR;
				GCC_WARN_UNDECLARED_SELECTOR = YES;
				GCC_WARN_UNINITIALIZED_AUTOS = YES_AGGRESSIVE;
				GCC_WARN_UNUSED_FUNCTION = YES;
				GCC_WARN_UNUSED_VARIABLE = YES;
				IPHONEOS_DEPLOYMENT_TARGET = 11.0;
				MTL_ENABLE_DEBUG_INFO = YES;
				ONLY_ACTIVE_ARCH = YES;
				SDKROOT = iphoneos;
				SWIFT_ACTIVE_COMPILATION_CONDITIONS = DEBUG;
				SWIFT_OPTIMIZATION_LEVEL = "-Onone";
			};
			name = Debug;
		};
		74CC271A1F8CF6B100BD7332 /* Release */ = {
			isa = XCBuildConfiguration;
			buildSettings = {
				ALWAYS_SEARCH_USER_PATHS = NO;
				CLANG_ANALYZER_LOCALIZABILITY_NONLOCALIZED = YES;
				CLANG_ANALYZER_NONNULL = YES;
				CLANG_ANALYZER_NUMBER_OBJECT_CONVERSION = YES_AGGRESSIVE;
				CLANG_CXX_LANGUAGE_STANDARD = "gnu++14";
				CLANG_CXX_LIBRARY = "libc++";
				CLANG_ENABLE_MODULES = YES;
				CLANG_ENABLE_OBJC_ARC = YES;
				CLANG_WARN_BLOCK_CAPTURE_AUTORELEASING = YES;
				CLANG_WARN_BOOL_CONVERSION = YES;
				CLANG_WARN_COMMA = YES;
				CLANG_WARN_CONSTANT_CONVERSION = YES;
				CLANG_WARN_DIRECT_OBJC_ISA_USAGE = YES_ERROR;
				CLANG_WARN_DOCUMENTATION_COMMENTS = YES;
				CLANG_WARN_EMPTY_BODY = YES;
				CLANG_WARN_ENUM_CONVERSION = YES;
				CLANG_WARN_INFINITE_RECURSION = YES;
				CLANG_WARN_INT_CONVERSION = YES;
				CLANG_WARN_NON_LITERAL_NULL_CONVERSION = YES;
				CLANG_WARN_OBJC_LITERAL_CONVERSION = YES;
				CLANG_WARN_OBJC_ROOT_CLASS = YES_ERROR;
				CLANG_WARN_RANGE_LOOP_ANALYSIS = YES;
				CLANG_WARN_STRICT_PROTOTYPES = YES;
				CLANG_WARN_SUSPICIOUS_MOVE = YES;
				CLANG_WARN_UNGUARDED_AVAILABILITY = YES_AGGRESSIVE;
				CLANG_WARN_UNREACHABLE_CODE = YES;
				CLANG_WARN__DUPLICATE_METHOD_MATCH = YES;
				CODE_SIGN_IDENTITY = "iPhone Developer";
				COPY_PHASE_STRIP = NO;
				DEBUG_INFORMATION_FORMAT = "dwarf-with-dsym";
				ENABLE_NS_ASSERTIONS = NO;
				ENABLE_STRICT_OBJC_MSGSEND = YES;
				GCC_C_LANGUAGE_STANDARD = gnu11;
				GCC_NO_COMMON_BLOCKS = YES;
				GCC_WARN_64_TO_32_BIT_CONVERSION = YES;
				GCC_WARN_ABOUT_RETURN_TYPE = YES_ERROR;
				GCC_WARN_UNDECLARED_SELECTOR = YES;
				GCC_WARN_UNINITIALIZED_AUTOS = YES_AGGRESSIVE;
				GCC_WARN_UNUSED_FUNCTION = YES;
				GCC_WARN_UNUSED_VARIABLE = YES;
				IPHONEOS_DEPLOYMENT_TARGET = 11.0;
				MTL_ENABLE_DEBUG_INFO = NO;
				SDKROOT = iphoneos;
				SWIFT_OPTIMIZATION_LEVEL = "-Owholemodule";
				VALIDATE_PRODUCT = YES;
			};
			name = Release;
		};
		74CC271C1F8CF6B100BD7332 /* Debug */ = {
			isa = XCBuildConfiguration;
			buildSettings = {
				ASSETCATALOG_COMPILER_APPICON_NAME = AppIcon;
				CODE_SIGN_STYLE = Automatic;
				DEVELOPMENT_TEAM = CKGWJSMEES;
				INFOPLIST_FILE = Typealias/App/Info.plist;
				LD_RUNPATH_SEARCH_PATHS = "$(inherited) @executable_path/Frameworks";
				PRODUCT_BUNDLE_IDENTIFIER = com.itrufeng.Typealias;
				PRODUCT_NAME = "$(TARGET_NAME)";
				SWIFT_VERSION = 4.0;
				TARGETED_DEVICE_FAMILY = "1,2";
			};
			name = Debug;
		};
		74CC271D1F8CF6B100BD7332 /* Release */ = {
			isa = XCBuildConfiguration;
			buildSettings = {
				ASSETCATALOG_COMPILER_APPICON_NAME = AppIcon;
				CODE_SIGN_STYLE = Automatic;
				DEVELOPMENT_TEAM = CKGWJSMEES;
				INFOPLIST_FILE = Typealias/App/Info.plist;
				LD_RUNPATH_SEARCH_PATHS = "$(inherited) @executable_path/Frameworks";
				PRODUCT_BUNDLE_IDENTIFIER = com.itrufeng.Typealias;
				PRODUCT_NAME = "$(TARGET_NAME)";
				SWIFT_VERSION = 4.0;
				TARGETED_DEVICE_FAMILY = "1,2";
			};
			name = Release;
		};
/* End XCBuildConfiguration section */

/* Begin XCConfigurationList section */
		74CC27041F8CF6B100BD7332 /* Build configuration list for PBXProject "Typealias" */ = {
			isa = XCConfigurationList;
			buildConfigurations = (
				74CC27191F8CF6B100BD7332 /* Debug */,
				74CC271A1F8CF6B100BD7332 /* Release */,
			);
			defaultConfigurationIsVisible = 0;
			defaultConfigurationName = Release;
		};
		74CC271B1F8CF6B100BD7332 /* Build configuration list for PBXNativeTarget "Typealias" */ = {
			isa = XCConfigurationList;
			buildConfigurations = (
				74CC271C1F8CF6B100BD7332 /* Debug */,
				74CC271D1F8CF6B100BD7332 /* Release */,
			);
			defaultConfigurationIsVisible = 0;
			defaultConfigurationName = Release;
		};
/* End XCConfigurationList section */
	};
	rootObject = 74CC27011F8CF6B100BD7332 /* Project object */;
}
